{
  "name": "spore-kit-dom",
  "version": "0.1.0",
  "lockfileVersion": 1,
  "requires": true,
  "dependencies": {
    "document-offset": {
      "version": "1.0.4",
      "resolved": "https://registry.npmjs.org/document-offset/-/document-offset-1.0.4.tgz",
      "integrity": "sha1-c0W4Gc3+8rtFxjzhMFZBYGO3AIU=",
      "requires": {
        "dom-support": "*",
        "get-document": "1.0.0",
        "within-element": "0.1.0"
      }
    },
    "dom-support": {
      "version": "0.0.2",
      "resolved": "https://registry.npmjs.org/dom-support/-/dom-support-0.0.2.tgz",
      "integrity": "sha1-DhKXZP+l4gPYq1g54uktwq4U73w=",
      "requires": {
        "domready": "*"
      }
    },
    "domready": {
      "version": "1.0.8",
      "resolved": "https://registry.npmjs.org/domready/-/domready-1.0.8.tgz",
      "integrity": "sha1-kfJS5Ze2Wvd+dFriTdAYXV4m1Yw="
    },
    "get-document": {
      "version": "1.0.0",
      "resolved": "https://registry.npmjs.org/get-document/-/get-document-1.0.0.tgz",
      "integrity": "sha1-SCG85m8cJMsDMWAr5strEsTwHEs="
    },
    "within-element": {
      "version": "0.1.0",
      "resolved": "https://registry.npmjs.org/within-element/-/within-element-0.1.0.tgz",
      "integrity": "sha1-thC+MU+1iL8h171zOQbkN/MOK5U="
    }
  }
}
