{
	"name": "spore-kit-mvc",
	"version": "0.3.4",
	"lockfileVersion": 1,
	"requires": true,
	"dependencies": {
		"lodash": {
			"version": "4.17.19",
			"resolved": "https://registry.npmjs.org/lodash/-/lodash-4.17.19.tgz",
			"integrity": "sha512-JNvd8XER9GQX0v2qJgsaN/mzFCNA5BRe/j8JN9d+tWyGLSodKQHKFicdwNYzWwI3wjRnaKPsGj1XkBjx/F96DQ=="
		},
		"spore-kit-evt": {
			"version": "0.3.2",
			"resolved": "https://registry.npmjs.org/spore-kit-evt/-/spore-kit-evt-0.3.2.tgz",
			"integrity": "sha512-8GaWjb+M4HlqM+IR4tNZ12wO4+mK+rFgZ92tGBww8vHE8DlU1pvAZgzj43vgK5ncugw1fRCg17Dze6tq3R6gLQ=="
		}
	}
}
