{
	"name": "spore-kit-env",
	"version": "0.1.0",
	"lockfileVersion": 1,
	"requires": true,
	"dependencies": {
		"spore-kit-obj": {
			"version": "0.2.2",
			"resolved": "https://registry.npmjs.org/spore-kit-obj/-/spore-kit-obj-0.2.2.tgz",
			"integrity": "sha512-bCGCQ2c5Q0ixwISsW48Y8fVsHvjvLgKjg2Xo1ZyRJ/Qyh9xyb/VLM8PJGTOu6CqIR78bEW33iLs8FyksvTHs+Q=="
		}
	}
}
